{
	"name": "cerus-info",
	"version": "0.0.1",
	"lockfileVersion": 1,
	"requires": true,
	"dependencies": {
		"systeminformation": {
			"version": "3.33.18",
			"resolved": "https://registry.npmjs.org/systeminformation/-/systeminformation-3.33.18.tgz",
			"integrity": "sha512-08/o7xP6UFURqEXEtBPX5DkXl0nkxv5WP/7xeQcgvz0PmVzJd0lkJdoW6DyMz9lK2w6iLSg8cHWMKD7vyamKqg=="
		}
	}
}
